
Microsoft Visual Studio Solution File, Format Version 12.00
# Visual Studio Version 17
VisualStudioVersion = 17.4.33213.308
MinimumVisualStudioVersion = 10.0.40219.1
Project("{FAE04EC0-301F-11D3-BF4B-00C04F79EFBC}") = "HashMD5Generator", "HashMD5\HashMD5Generator.csproj", "{37396F79-FB87-4906-9436-38C8953D5C06}"
EndProject
Global
	GlobalSection(SolutionConfigurationPlatforms) = preSolution
		Debug|Any CPU = Debug|Any CPU
		Release|Any CPU = Release|Any CPU
	EndGlobalSection
	GlobalSection(ProjectConfigurationPlatforms) = postSolution
		{37396F79-FB87-4906-9436-38C8953D5C06}.Debug|Any CPU.ActiveCfg = Debug|Any CPU
		{37396F79-FB87-4906-9436-38C8953D5C06}.Debug|Any CPU.Build.0 = Debug|Any CPU
		{37396F79-FB87-4906-9436-38C8953D5C06}.Release|Any CPU.ActiveCfg = Release|Any CPU
		{37396F79-FB87-4906-9436-38C8953D5C06}.Release|Any CPU.Build.0 = Release|Any CPU
	EndGlobalSection
	GlobalSection(SolutionProperties) = preSolution
		HideSolutionNode = FALSE
	EndGlobalSection
	GlobalSection(ExtensibilityGlobals) = postSolution
		SolutionGuid = {C089AF7E-7910-4B0C-943F-A38DD1694311}
	EndGlobalSection
EndGlobal
